
Microsoft Visual Studio Solution File, Format Version 12.00
# Visual Studio Version 17
VisualStudioVersion = 17.3.32901.215
MinimumVisualStudioVersion = 10.0.40219.1
Project("{9A19103F-16F7-4668-BE54-9A1E7A4F7556}") = "FanControl", "FanControl\FanControl.csproj", "{A0D9B170-89BA-4F7A-9331-BE6A721E8D5B}"
EndProject
Project("{9A19103F-16F7-4668-BE54-9A1E7A4F7556}") = "PerformanceOverlay", "PerformanceOverlay\PerformanceOverlay.csproj", "{DCA71DCC-A3ED-4890-A56C-3E2183A3C023}"
EndProject
Project("{9A19103F-16F7-4668-BE54-9A1E7A4F7556}") = "CommonHelpers", "CommonHelpers\CommonHelpers.csproj", "{17728E90-015B-4221-8AA8-68FB359FA12F}"
EndProject
Project("{9A19103F-16F7-4668-BE54-9A1E7A4F7556}") = "PowerControl", "PowerControl\PowerControl.csproj", "{85A44F35-60C9-493E-B1A7-FB2284E5ACCF}"
EndProject
Project("{9A19103F-16F7-4668-BE54-9A1E7A4F7556}") = "ExternalHelpers", "ExternalHelpers\ExternalHelpers.csproj", "{A3FD29A4-844F-42B1-80C5-0301BD053AC0}"
EndProject
Project("{9A19103F-16F7-4668-BE54-9A1E7A4F7556}") = "SteamController", "SteamController\SteamController.csproj", "{A5A9DCD4-4686-49A6-836A-81498226B94B}"
EndProject
Project("{FAE04EC0-301F-11D3-BF4B-00C04F79EFBC}") = "Updater", "Updater\Updater.csproj", "{7FBC87CE-5C6E-4A8E-AF07-E310AD311073}"
EndProject
Global
	GlobalSection(SolutionConfigurationPlatforms) = preSolution
		Debug|Any CPU = Debug|Any CPU
		Debug|x64 = Debug|x64
		Debug|x86 = Debug|x86
		Release|Any CPU = Release|Any CPU
		Release|x64 = Release|x64
		Release|x86 = Release|x86
	EndGlobalSection
	GlobalSection(ProjectConfigurationPlatforms) = postSolution
		{A0D9B170-89BA-4F7A-9331-BE6A721E8D5B}.Debug|Any CPU.ActiveCfg = Debug|Any CPU
		{A0D9B170-89BA-4F7A-9331-BE6A721E8D5B}.Debug|Any CPU.Build.0 = Debug|Any CPU
		{A0D9B170-89BA-4F7A-9331-BE6A721E8D5B}.Debug|x64.ActiveCfg = Debug|Any CPU
		{A0D9B170-89BA-4F7A-9331-BE6A721E8D5B}.Debug|x64.Build.0 = Debug|Any CPU
		{A0D9B170-89BA-4F7A-9331-BE6A721E8D5B}.Debug|x86.ActiveCfg = Debug|Any CPU
		{A0D9B170-89BA-4F7A-9331-BE6A721E8D5B}.Debug|x86.Build.0 = Debug|Any CPU
		{A0D9B170-89BA-4F7A-9331-BE6A721E8D5B}.Release|Any CPU.ActiveCfg = Release|Any CPU
		{A0D9B170-89BA-4F7A-9331-BE6A721E8D5B}.Release|Any CPU.Build.0 = Release|Any CPU
		{A0D9B170-89BA-4F7A-9331-BE6A721E8D5B}.Release|x64.ActiveCfg = Release|Any CPU
		{A0D9B170-89BA-4F7A-9331-BE6A721E8D5B}.Release|x64.Build.0 = Release|Any CPU
		{A0D9B170-89BA-4F7A-9331-BE6A721E8D5B}.Release|x86.ActiveCfg = Release|Any CPU
		{A0D9B170-89BA-4F7A-9331-BE6A721E8D5B}.Release|x86.Build.0 = Release|Any CPU
		{DCA71DCC-A3ED-4890-A56C-3E2183A3C023}.Debug|Any CPU.ActiveCfg = Debug|Any CPU
		{DCA71DCC-A3ED-4890-A56C-3E2183A3C023}.Debug|Any CPU.Build.0 = Debug|Any CPU
		{DCA71DCC-A3ED-4890-A56C-3E2183A3C023}.Debug|x64.ActiveCfg = Debug|Any CPU
		{DCA71DCC-A3ED-4890-A56C-3E2183A3C023}.Debug|x64.Build.0 = Debug|Any CPU
		{DCA71DCC-A3ED-4890-A56C-3E2183A3C023}.Debug|x86.ActiveCfg = Debug|Any CPU
		{DCA71DCC-A3ED-4890-A56C-3E2183A3C023}.Debug|x86.Build.0 = Debug|Any CPU
		{DCA71DCC-A3ED-4890-A56C-3E2183A3C023}.Release|Any CPU.ActiveCfg = Release|Any CPU
		{DCA71DCC-A3ED-4890-A56C-3E2183A3C023}.Release|Any CPU.Build.0 = Release|Any CPU
		{DCA71DCC-A3ED-4890-A56C-3E2183A3C023}.Release|x64.ActiveCfg = Release|Any CPU
		{DCA71DCC-A3ED-4890-A56C-3E2183A3C023}.Release|x64.Build.0 = Release|Any CPU
		{DCA71DCC-A3ED-4890-A56C-3E2183A3C023}.Release|x86.ActiveCfg = Release|Any CPU
		{DCA71DCC-A3ED-4890-A56C-3E2183A3C023}.Release|x86.Build.0 = Release|Any CPU
		{17728E90-015B-4221-8AA8-68FB359FA12F}.Debug|Any CPU.ActiveCfg = Debug|Any CPU
		{17728E90-015B-4221-8AA8-68FB359FA12F}.Debug|Any CPU.Build.0 = Debug|Any CPU
		{17728E90-015B-4221-8AA8-68FB359FA12F}.Debug|x64.ActiveCfg = Debug|Any CPU
		{17728E90-015B-4221-8AA8-68FB359FA12F}.Debug|x64.Build.0 = Debug|Any CPU
		{17728E90-015B-4221-8AA8-68FB359FA12F}.Debug|x86.ActiveCfg = Debug|Any CPU
		{17728E90-015B-4221-8AA8-68FB359FA12F}.Debug|x86.Build.0 = Debug|Any CPU
		{17728E90-015B-4221-8AA8-68FB359FA12F}.Release|Any CPU.ActiveCfg = Release|Any CPU
		{17728E90-015B-4221-8AA8-68FB359FA12F}.Release|Any CPU.Build.0 = Release|Any CPU
		{17728E90-015B-4221-8AA8-68FB359FA12F}.Release|x64.ActiveCfg = Release|Any CPU
		{17728E90-015B-4221-8AA8-68FB359FA12F}.Release|x64.Build.0 = Release|Any CPU
		{17728E90-015B-4221-8AA8-68FB359FA12F}.Release|x86.ActiveCfg = Release|Any CPU
		{17728E90-015B-4221-8AA8-68FB359FA12F}.Release|x86.Build.0 = Release|Any CPU
		{85A44F35-60C9-493E-B1A7-FB2284E5ACCF}.Debug|Any CPU.ActiveCfg = Debug|Any CPU
		{85A44F35-60C9-493E-B1A7-FB2284E5ACCF}.Debug|Any CPU.Build.0 = Debug|Any CPU
		{85A44F35-60C9-493E-B1A7-FB2284E5ACCF}.Debug|x64.ActiveCfg = Debug|Any CPU
		{85A44F35-60C9-493E-B1A7-FB2284E5ACCF}.Debug|x64.Build.0 = Debug|Any CPU
		{85A44F35-60C9-493E-B1A7-FB2284E5ACCF}.Debug|x86.ActiveCfg = Debug|Any CPU
		{85A44F35-60C9-493E-B1A7-FB2284E5ACCF}.Debug|x86.Build.0 = Debug|Any CPU
		{85A44F35-60C9-493E-B1A7-FB2284E5ACCF}.Release|Any CPU.ActiveCfg = Release|Any CPU
		{85A44F35-60C9-493E-B1A7-FB2284E5ACCF}.Release|Any CPU.Build.0 = Release|Any CPU
		{85A44F35-60C9-493E-B1A7-FB2284E5ACCF}.Release|x64.ActiveCfg = Release|Any CPU
		{85A44F35-60C9-493E-B1A7-FB2284E5ACCF}.Release|x64.Build.0 = Release|Any CPU
		{85A44F35-60C9-493E-B1A7-FB2284E5ACCF}.Release|x86.ActiveCfg = Release|Any CPU
		{85A44F35-60C9-493E-B1A7-FB2284E5ACCF}.Release|x86.Build.0 = Release|Any CPU
		{A3FD29A4-844F-42B1-80C5-0301BD053AC0}.Debug|Any CPU.ActiveCfg = Debug|Any CPU
		{A3FD29A4-844F-42B1-80C5-0301BD053AC0}.Debug|Any CPU.Build.0 = Debug|Any CPU
		{A3FD29A4-844F-42B1-80C5-0301BD053AC0}.Debug|x64.ActiveCfg = Debug|Any CPU
		{A3FD29A4-844F-42B1-80C5-0301BD053AC0}.Debug|x64.Build.0 = Debug|Any CPU
		{A3FD29A4-844F-42B1-80C5-0301BD053AC0}.Debug|x86.ActiveCfg = Debug|Any CPU
		{A3FD29A4-844F-42B1-80C5-0301BD053AC0}.Debug|x86.Build.0 = Debug|Any CPU
		{A3FD29A4-844F-42B1-80C5-0301BD053AC0}.Release|Any CPU.ActiveCfg = Release|Any CPU
		{A3FD29A4-844F-42B1-80C5-0301BD053AC0}.Release|Any CPU.Build.0 = Release|Any CPU
		{A3FD29A4-844F-42B1-80C5-0301BD053AC0}.Release|x64.ActiveCfg = Release|Any CPU
		{A3FD29A4-844F-42B1-80C5-0301BD053AC0}.Release|x64.Build.0 = Release|Any CPU
		{A3FD29A4-844F-42B1-80C5-0301BD053AC0}.Release|x86.ActiveCfg = Release|Any CPU
		{A3FD29A4-844F-42B1-80C5-0301BD053AC0}.Release|x86.Build.0 = Release|Any CPU
		{A5A9DCD4-4686-49A6-836A-81498226B94B}.Debug|Any CPU.ActiveCfg = Debug|Any CPU
		{A5A9DCD4-4686-49A6-836A-81498226B94B}.Debug|Any CPU.Build.0 = Debug|Any CPU
		{A5A9DCD4-4686-49A6-836A-81498226B94B}.Debug|x64.ActiveCfg = Debug|Any CPU
		{A5A9DCD4-4686-49A6-836A-81498226B94B}.Debug|x64.Build.0 = Debug|Any CPU
		{A5A9DCD4-4686-49A6-836A-81498226B94B}.Debug|x86.ActiveCfg = Debug|Any CPU
		{A5A9DCD4-4686-49A6-836A-81498226B94B}.Debug|x86.Build.0 = Debug|Any CPU
		{A5A9DCD4-4686-49A6-836A-81498226B94B}.Release|Any CPU.ActiveCfg = Release|Any CPU
		{A5A9DCD4-4686-49A6-836A-81498226B94B}.Release|Any CPU.Build.0 = Release|Any CPU
		{A5A9DCD4-4686-49A6-836A-81498226B94B}.Release|x64.ActiveCfg = Release|Any CPU
		{A5A9DCD4-4686-49A6-836A-81498226B94B}.Release|x64.Build.0 = Release|Any CPU
		{A5A9DCD4-4686-49A6-836A-81498226B94B}.Release|x86.ActiveCfg = Release|Any CPU
		{A5A9DCD4-4686-49A6-836A-81498226B94B}.Release|x86.Build.0 = Release|Any CPU
		{7FBC87CE-5C6E-4A8E-AF07-E310AD311073}.Debug|Any CPU.ActiveCfg = Debug|Any CPU
		{7FBC87CE-5C6E-4A8E-AF07-E310AD311073}.Debug|Any CPU.Build.0 = Debug|Any CPU
		{7FBC87CE-5C6E-4A8E-AF07-E310AD311073}.Debug|x64.ActiveCfg = Debug|Any CPU
		{7FBC87CE-5C6E-4A8E-AF07-E310AD311073}.Debug|x64.Build.0 = Debug|Any CPU
		{7FBC87CE-5C6E-4A8E-AF07-E310AD311073}.Debug|x86.ActiveCfg = Debug|Any CPU
		{7FBC87CE-5C6E-4A8E-AF07-E310AD311073}.Debug|x86.Build.0 = Debug|Any CPU
		{7FBC87CE-5C6E-4A8E-AF07-E310AD311073}.Release|Any CPU.ActiveCfg = Release|Any CPU
		{7FBC87CE-5C6E-4A8E-AF07-E310AD311073}.Release|Any CPU.Build.0 = Release|Any CPU
		{7FBC87CE-5C6E-4A8E-AF07-E310AD311073}.Release|x64.ActiveCfg = Release|Any CPU
		{7FBC87CE-5C6E-4A8E-AF07-E310AD311073}.Release|x64.Build.0 = Release|Any CPU
		{7FBC87CE-5C6E-4A8E-AF07-E310AD311073}.Release|x86.ActiveCfg = Release|Any CPU
		{7FBC87CE-5C6E-4A8E-AF07-E310AD311073}.Release|x86.Build.0 = Release|Any CPU
	EndGlobalSection
	GlobalSection(SolutionProperties) = preSolution
		HideSolutionNode = FALSE
	EndGlobalSection
	GlobalSection(ExtensibilityGlobals) = postSolution
		SolutionGuid = {FCAAD784-C54A-40A3-AE4A-ED9DD2299E6E}
	EndGlobalSection
EndGlobal
