
Microsoft Visual Studio Solution File, Format Version 12.00
# Visual Studio Version 17
VisualStudioVersion = 17.3.32901.215
MinimumVisualStudioVersion = 10.0.40219.1
Project("{FAE04EC0-301F-11D3-BF4B-00C04F79EFBC}") = "FanControl", "FanControl\FanControl.csproj", "{A0D9B170-89BA-4F7A-9331-BE6A721E8D5B}"
EndProject
Global
	GlobalSection(SolutionConfigurationPlatforms) = preSolution
		Debug|Any CPU = Debug|Any CPU
		Release|Any CPU = Release|Any CPU
	EndGlobalSection
	GlobalSection(ProjectConfigurationPlatforms) = postSolution
		{A0D9B170-89BA-4F7A-9331-BE6A721E8D5B}.Debug|Any CPU.ActiveCfg = Debug|Any CPU
		{A0D9B170-89BA-4F7A-9331-BE6A721E8D5B}.Debug|Any CPU.Build.0 = Debug|Any CPU
		{A0D9B170-89BA-4F7A-9331-BE6A721E8D5B}.Release|Any CPU.ActiveCfg = Release|Any CPU
		{A0D9B170-89BA-4F7A-9331-BE6A721E8D5B}.Release|Any CPU.Build.0 = Release|Any CPU
	EndGlobalSection
	GlobalSection(SolutionProperties) = preSolution
		HideSolutionNode = FALSE
	EndGlobalSection
	GlobalSection(ExtensibilityGlobals) = postSolution
		SolutionGuid = {FCAAD784-C54A-40A3-AE4A-ED9DD2299E6E}
	EndGlobalSection
EndGlobal
